<?xml version="1.0" encoding="utf-8"?>
<Project ToolsVersion="4.0" xmlns="http://schemas.microsoft.com/developer/msbuild/2003">
  <ItemGroup>
    <ClInclude Include="include\Fel.h" />
    <ClInclude Include="include\Fel\Emulator.h">
      <Filter>Fel</Filter>
    </ClInclude>
    <ClInclude Include="include\Fel\Cpu.h">
      <Filter>Fel</Filter>
    </ClInclude>
    <ClInclude Include="include\Fel\Emulator32.h">
      <Filter>Fel</Filter>
    </ClInclude>
    <ClInclude Include="include\Fel\Cpu32.h">
      <Filter>Fel</Filter>
    </ClInclude>
  </ItemGroup>
  <ItemGroup>
    <Filter Include="Fel">
      <UniqueIdentifier>{d6ac5784-3f19-4f7f-9285-33d081a1f2d6}</UniqueIdentifier>
    </Filter>
  </ItemGroup>
  <ItemGroup>
    <ClCompile Include=".\src\Cpu32.cpp">
      <Filter>Fel</Filter>
    </ClCompile>
  </ItemGroup>
</Project>